// !$*UTF8*$!
{
	archiveVersion = 1;
	classes = {
	};
	objectVersion = 56;
	objects = {

/* Begin PBXBuildFile section */
		173996B52C86BF5100DF086E /* TDDApp.swift in Sources */ = {isa = PBXBuildFile; fileRef = 173996B42C86BF5100DF086E /* TDDApp.swift */; };
		173996B72C86BF5100DF086E /* ContentView.swift in Sources */ = {isa = PBXBuildFile; fileRef = 173996B62C86BF5100DF086E /* ContentView.swift */; };
		173996B92C86BF5300DF086E /* Assets.xcassets in Resources */ = {isa = PBXBuildFile; fileRef = 173996B82C86BF5300DF086E /* Assets.xcassets */; };
		173996BC2C86BF5300DF086E /* Preview Assets.xcassets in Resources */ = {isa = PBXBuildFile; fileRef = 173996BB2C86BF5300DF086E /* Preview Assets.xcassets */; };
		173996C62C86BF5300DF086E /* TDDTests.swift in Sources */ = {isa = PBXBuildFile; fileRef = 173996C52C86BF5300DF086E /* TDDTests.swift */; };
		173996D02C86BF5300DF086E /* TDDUITests.swift in Sources */ = {isa = PBXBuildFile; fileRef = 173996CF2C86BF5300DF086E /* TDDUITests.swift */; };
		173996D22C86BF5300DF086E /* TDDUITestsLaunchTests.swift in Sources */ = {isa = PBXBuildFile; fileRef = 173996D12C86BF5300DF086E /* TDDUITestsLaunchTests.swift */; };
/* End PBXBuildFile section */

/* Begin PBXContainerItemProxy section */
		173996C22C86BF5300DF086E /* PBXContainerItemProxy */ = {
			isa = PBXContainerItemProxy;
			containerPortal = 173996A92C86BF5100DF086E /* Project object */;
			proxyType = 1;
			remoteGlobalIDString = 173996B02C86BF5100DF086E;
			remoteInfo = TDD;
		};
		173996CC2C86BF5300DF086E /* PBXContainerItemProxy */ = {
			isa = PBXContainerItemProxy;
			containerPortal = 173996A92C86BF5100DF086E /* Project object */;
			proxyType = 1;
			remoteGlobalIDString = 173996B02C86BF5100DF086E;
			remoteInfo = TDD;
		};
/* End PBXContainerItemProxy section */

/* Begin PBXFileReference section */
		173996B12C86BF5100DF086E /* TDD.app */ = {isa = PBXFileReference; explicitFileType = wrapper.application; includeInIndex = 0; path = TDD.app; sourceTree = BUILT_PRODUCTS_DIR; };
		173996B42C86BF5100DF086E /* TDDApp.swift */ = {isa = PBXFileReference; lastKnownFileType = sourcecode.swift; path = TDDApp.swift; sourceTree = "<group>"; };
		173996B62C86BF5100DF086E /* ContentView.swift */ = {isa = PBXFileReference; lastKnownFileType = sourcecode.swift; path = ContentView.swift; sourceTree = "<group>"; };
		173996B82C86BF5300DF086E /* Assets.xcassets */ = {isa = PBXFileReference; lastKnownFileType = folder.assetcatalog; path = Assets.xcassets; sourceTree = "<group>"; };
		173996BB2C86BF5300DF086E /* Preview Assets.xcassets */ = {isa = PBXFileReference; lastKnownFileType = folder.assetcatalog; path = "Preview Assets.xcassets"; sourceTree = "<group>"; };
		173996C12C86BF5300DF086E /* TDDTests.xctest */ = {isa = PBXFileReference; explicitFileType = wrapper.cfbundle; includeInIndex = 0; path = TDDTests.xctest; sourceTree = BUILT_PRODUCTS_DIR; };
		173996C52C86BF5300DF086E /* TDDTests.swift */ = {isa = PBXFileReference; lastKnownFileType = sourcecode.swift; path = TDDTests.swift; sourceTree = "<group>"; };
		173996CB2C86BF5300DF086E /* TDDUITests.xctest */ = {isa = PBXFileReference; explicitFileType = wrapper.cfbundle; includeInIndex = 0; path = TDDUITests.xctest; sourceTree = BUILT_PRODUCTS_DIR; };
		173996CF2C86BF5300DF086E /* TDDUITests.swift */ = {isa = PBXFileReference; lastKnownFileType = sourcecode.swift; path = TDDUITests.swift; sourceTree = "<group>"; };
		173996D12C86BF5300DF086E /* TDDUITestsLaunchTests.swift */ = {isa = PBXFileReference; lastKnownFileType = sourcecode.swift; path = TDDUITestsLaunchTests.swift; sourceTree = "<group>"; };
/* End PBXFileReference section */

/* Begin PBXFrameworksBuildPhase section */
		173996AE2C86BF5100DF086E /* Frameworks */ = {
			isa = PBXFrameworksBuildPhase;
			buildActionMask = 2147483647;
			files = (
			);
			runOnlyForDeploymentPostprocessing = 0;
		};
		173996BE2C86BF5300DF086E /* Frameworks */ = {
			isa = PBXFrameworksBuildPhase;
			buildActionMask = 2147483647;
			files = (
			);
			runOnlyForDeploymentPostprocessing = 0;
		};
		173996C82C86BF5300DF086E /* Frameworks */ = {
			isa = PBXFrameworksBuildPhase;
			buildActionMask = 2147483647;
			files = (
			);
			runOnlyForDeploymentPostprocessing = 0;
		};
/* End PBXFrameworksBuildPhase section */

/* Begin PBXGroup section */
		173996A82C86BF5100DF086E = {
			isa = PBXGroup;
			children = (
				173996B32C86BF5100DF086E /* TDD */,
				173996C42C86BF5300DF086E /* TDDTests */,
				173996CE2C86BF5300DF086E /* TDDUITests */,
				173996B22C86BF5100DF086E /* Products */,
			);
			sourceTree = "<group>";
		};
		173996B22C86BF5100DF086E /* Products */ = {
			isa = PBXGroup;
			children = (
				173996B12C86BF5100DF086E /* TDD.app */,
				173996C12C86BF5300DF086E /* TDDTests.xctest */,
				173996CB2C86BF5300DF086E /* TDDUITests.xctest */,
			);
			name = Products;
			sourceTree = "<group>";
		};
		173996B32C86BF5100DF086E /* TDD */ = {
			isa = PBXGroup;
			children = (
				173996B42C86BF5100DF086E /* TDDApp.swift */,
				173996B62C86BF5100DF086E /* ContentView.swift */,
				173996B82C86BF5300DF086E /* Assets.xcassets */,
				173996BA2C86BF5300DF086E /* Preview Content */,
			);
			path = TDD;
			sourceTree = "<group>";
		};
		173996BA2C86BF5300DF086E /* Preview Content */ = {
			isa = PBXGroup;
			children = (
				173996BB2C86BF5300DF086E /* Preview Assets.xcassets */,
			);
			path = "Preview Content";
			sourceTree = "<group>";
		};
		173996C42C86BF5300DF086E /* TDDTests */ = {
			isa = PBXGroup;
			children = (
				173996C52C86BF5300DF086E /* TDDTests.swift */,
			);
			path = TDDTests;
			sourceTree = "<group>";
		};
		173996CE2C86BF5300DF086E /* TDDUITests */ = {
			isa = PBXGroup;
			children = (
				173996CF2C86BF5300DF086E /* TDDUITests.swift */,
				173996D12C86BF5300DF086E /* TDDUITestsLaunchTests.swift */,
			);
			path = TDDUITests;
			sourceTree = "<group>";
		};
/* End PBXGroup section */

/* Begin PBXNativeTarget section */
		173996B02C86BF5100DF086E /* TDD */ = {
			isa = PBXNativeTarget;
			buildConfigurationList = 173996D52C86BF5300DF086E /* Build configuration list for PBXNativeTarget "TDD" */;
			buildPhases = (
				173996AD2C86BF5100DF086E /* Sources */,
				173996AE2C86BF5100DF086E /* Frameworks */,
				173996AF2C86BF5100DF086E /* Resources */,
			);
			buildRules = (
			);
			dependencies = (
			);
			name = TDD;
			productName = TDD;
			productReference = 173996B12C86BF5100DF086E /* TDD.app */;
			productType = "com.apple.product-type.application";
		};
		173996C02C86BF5300DF086E /* TDDTests */ = {
			isa = PBXNativeTarget;
			buildConfigurationList = 173996D82C86BF5300DF086E /* Build configuration list for PBXNativeTarget "TDDTests" */;
			buildPhases = (
				173996BD2C86BF5300DF086E /* Sources */,
				173996BE2C86BF5300DF086E /* Frameworks */,
				173996BF2C86BF5300DF086E /* Resources */,
			);
			buildRules = (
			);
			dependencies = (
				173996C32C86BF5300DF086E /* PBXTargetDependency */,
			);
			name = TDDTests;
			productName = TDDTests;
			productReference = 173996C12C86BF5300DF086E /* TDDTests.xctest */;
			productType = "com.apple.product-type.bundle.unit-test";
		};
		173996CA2C86BF5300DF086E /* TDDUITests */ = {
			isa = PBXNativeTarget;
			buildConfigurationList = 173996DB2C86BF5300DF086E /* Build configuration list for PBXNativeTarget "TDDUITests" */;
			buildPhases = (
				173996C72C86BF5300DF086E /* Sources */,
				173996C82C86BF5300DF086E /* Frameworks */,
				173996C92C86BF5300DF086E /* Resources */,
			);
			buildRules = (
			);
			dependencies = (
				173996CD2C86BF5300DF086E /* PBXTargetDependency */,
			);
			name = TDDUITests;
			productName = TDDUITests;
			productReference = 173996CB2C86BF5300DF086E /* TDDUITests.xctest */;
			productType = "com.apple.product-type.bundle.ui-testing";
		};
/* End PBXNativeTarget section */

/* Begin PBXProject section */
		173996A92C86BF5100DF086E /* Project object */ = {
			isa = PBXProject;
			attributes = {
				BuildIndependentTargetsInParallel = 1;
				LastSwiftUpdateCheck = 1510;
				LastUpgradeCheck = 1510;
				TargetAttributes = {
					173996B02C86BF5100DF086E = {
						CreatedOnToolsVersion = 15.1;
					};
					173996C02C86BF5300DF086E = {
						CreatedOnToolsVersion = 15.1;
						TestTargetID = 173996B02C86BF5100DF086E;
					};
					173996CA2C86BF5300DF086E = {
						CreatedOnToolsVersion = 15.1;
						TestTargetID = 173996B02C86BF5100DF086E;
					};
				};
			};
			buildConfigurationList = 173996AC2C86BF5100DF086E /* Build configuration list for PBXProject "TDD" */;
			compatibilityVersion = "Xcode 14.0";
			developmentRegion = en;
			hasScannedForEncodings = 0;
			knownRegions = (
				en,
				Base,
			);
			mainGroup = 173996A82C86BF5100DF086E;
			productRefGroup = 173996B22C86BF5100DF086E /* Products */;
			projectDirPath = "";
			projectRoot = "";
			targets = (
				173996B02C86BF5100DF086E /* TDD */,
				173996C02C86BF5300DF086E /* TDDTests */,
				173996CA2C86BF5300DF086E /* TDDUITests */,
			);
		};
/* End PBXProject section */

/* Begin PBXResourcesBuildPhase section */
		173996AF2C86BF5100DF086E /* Resources */ = {
			isa = PBXResourcesBuildPhase;
			buildActionMask = 2147483647;
			files = (
				173996BC2C86BF5300DF086E /* Preview Assets.xcassets in Resources */,
				173996B92C86BF5300DF086E /* Assets.xcassets in Resources */,
			);
			runOnlyForDeploymentPostprocessing = 0;
		};
		173996BF2C86BF5300DF086E /* Resources */ = {
			isa = PBXResourcesBuildPhase;
			buildActionMask = 2147483647;
			files = (
			);
			runOnlyForDeploymentPostprocessing = 0;
		};
		173996C92C86BF5300DF086E /* Resources */ = {
			isa = PBXResourcesBuildPhase;
			buildActionMask = 2147483647;
			files = (
			);
			runOnlyForDeploymentPostprocessing = 0;
		};
/* End PBXResourcesBuildPhase section */

/* Begin PBXSourcesBuildPhase section */
		173996AD2C86BF5100DF086E /* Sources */ = {
			isa = PBXSourcesBuildPhase;
			buildActionMask = 2147483647;
			files = (
				173996B72C86BF5100DF086E /* ContentView.swift in Sources */,
				173996B52C86BF5100DF086E /* TDDApp.swift in Sources */,
			);
			runOnlyForDeploymentPostprocessing = 0;
		};
		173996BD2C86BF5300DF086E /* Sources */ = {
			isa = PBXSourcesBuildPhase;
			buildActionMask = 2147483647;
			files = (
				173996C62C86BF5300DF086E /* TDDTests.swift in Sources */,
			);
			runOnlyForDeploymentPostprocessing = 0;
		};
		173996C72C86BF5300DF086E /* Sources */ = {
			isa = PBXSourcesBuildPhase;
			buildActionMask = 2147483647;
			files = (
				173996D02C86BF5300DF086E /* TDDUITests.swift in Sources */,
				173996D22C86BF5300DF086E /* TDDUITestsLaunchTests.swift in Sources */,
			);
			runOnlyForDeploymentPostprocessing = 0;
		};
/* End PBXSourcesBuildPhase section */

/* Begin PBXTargetDependency section */
		173996C32C86BF5300DF086E /* PBXTargetDependency */ = {
			isa = PBXTargetDependency;
			target = 173996B02C86BF5100DF086E /* TDD */;
			targetProxy = 173996C22C86BF5300DF086E /* PBXContainerItemProxy */;
		};
		173996CD2C86BF5300DF086E /* PBXTargetDependency */ = {
			isa = PBXTargetDependency;
			target = 173996B02C86BF5100DF086E /* TDD */;
			targetProxy = 173996CC2C86BF5300DF086E /* PBXContainerItemProxy */;
		};
/* End PBXTargetDependency section */

/* Begin XCBuildConfiguration section */
		173996D32C86BF5300DF086E /* Debug */ = {
			isa = XCBuildConfiguration;
			buildSettings = {
				ALWAYS_SEARCH_USER_PATHS = NO;
				ASSETCATALOG_COMPILER_GENERATE_SWIFT_ASSET_SYMBOL_EXTENSIONS = YES;
				CLANG_ANALYZER_NONNULL = YES;
				CLANG_ANALYZER_NUMBER_OBJECT_CONVERSION = YES_AGGRESSIVE;
				CLANG_CXX_LANGUAGE_STANDARD = "gnu++20";
				CLANG_ENABLE_MODULES = YES;
				CLANG_ENABLE_OBJC_ARC = YES;
				CLANG_ENABLE_OBJC_WEAK = YES;
				CLANG_WARN_BLOCK_CAPTURE_AUTORELEASING = YES;
				CLANG_WARN_BOOL_CONVERSION = YES;
				CLANG_WARN_COMMA = YES;
				CLANG_WARN_CONSTANT_CONVERSION = YES;
				CLANG_WARN_DEPRECATED_OBJC_IMPLEMENTATIONS = YES;
				CLANG_WARN_DIRECT_OBJC_ISA_USAGE = YES_ERROR;
				CLANG_WARN_DOCUMENTATION_COMMENTS = YES;
				CLANG_WARN_EMPTY_BODY = YES;
				CLANG_WARN_ENUM_CONVERSION = YES;
				CLANG_WARN_INFINITE_RECURSION = YES;
				CLANG_WARN_INT_CONVERSION = YES;
				CLANG_WARN_NON_LITERAL_NULL_CONVERSION = YES;
				CLANG_WARN_OBJC_IMPLICIT_RETAIN_SELF = YES;
				CLANG_WARN_OBJC_LITERAL_CONVERSION = YES;
				CLANG_WARN_OBJC_ROOT_CLASS = YES_ERROR;
				CLANG_WARN_QUOTED_INCLUDE_IN_FRAMEWORK_HEADER = YES;
				CLANG_WARN_RANGE_LOOP_ANALYSIS = YES;
				CLANG_WARN_STRICT_PROTOTYPES = YES;
				CLANG_WARN_SUSPICIOUS_MOVE = YES;
				CLANG_WARN_UNGUARDED_AVAILABILITY = YES_AGGRESSIVE;
				CLANG_WARN_UNREACHABLE_CODE = YES;
				CLANG_WARN__DUPLICATE_METHOD_MATCH = YES;
				COPY_PHASE_STRIP = NO;
				DEBUG_INFORMATION_FORMAT = dwarf;
				ENABLE_STRICT_OBJC_MSGSEND = YES;
				ENABLE_TESTABILITY = YES;
				ENABLE_USER_SCRIPT_SANDBOXING = YES;
				GCC_C_LANGUAGE_STANDARD = gnu17;
				GCC_DYNAMIC_NO_PIC = NO;
				GCC_NO_COMMON_BLOCKS = YES;
				GCC_OPTIMIZATION_LEVEL = 0;
				GCC_PREPROCESSOR_DEFINITIONS = (
					"DEBUG=1",
					"$(inherited)",
				);
				GCC_WARN_64_TO_32_BIT_CONVERSION = YES;
				GCC_WARN_ABOUT_RETURN_TYPE = YES_ERROR;
				GCC_WARN_UNDECLARED_SELECTOR = YES;
				GCC_WARN_UNINITIALIZED_AUTOS = YES_AGGRESSIVE;
				GCC_WARN_UNUSED_FUNCTION = YES;
				GCC_WARN_UNUSED_VARIABLE = YES;
				IPHONEOS_DEPLOYMENT_TARGET = 17.2;
				LOCALIZATION_PREFERS_STRING_CATALOGS = YES;
				MTL_ENABLE_DEBUG_INFO = INCLUDE_SOURCE;
				MTL_FAST_MATH = YES;
				ONLY_ACTIVE_ARCH = YES;
				SDKROOT = iphoneos;
				SWIFT_ACTIVE_COMPILATION_CONDITIONS = "DEBUG $(inherited)";
				SWIFT_OPTIMIZATION_LEVEL = "-Onone";
			};
			name = Debug;
		};
		173996D42C86BF5300DF086E /* Release */ = {
			isa = XCBuildConfiguration;
			buildSettings = {
				ALWAYS_SEARCH_USER_PATHS = NO;
				ASSETCATALOG_COMPILER_GENERATE_SWIFT_ASSET_SYMBOL_EXTENSIONS = YES;
				CLANG_ANALYZER_NONNULL = YES;
				CLANG_ANALYZER_NUMBER_OBJECT_CONVERSION = YES_AGGRESSIVE;
				CLANG_CXX_LANGUAGE_STANDARD = "gnu++20";
				CLANG_ENABLE_MODULES = YES;
				CLANG_ENABLE_OBJC_ARC = YES;
				CLANG_ENABLE_OBJC_WEAK = YES;
				CLANG_WARN_BLOCK_CAPTURE_AUTORELEASING = YES;
				CLANG_WARN_BOOL_CONVERSION = YES;
				CLANG_WARN_COMMA = YES;
				CLANG_WARN_CONSTANT_CONVERSION = YES;
				CLANG_WARN_DEPRECATED_OBJC_IMPLEMENTATIONS = YES;
				CLANG_WARN_DIRECT_OBJC_ISA_USAGE = YES_ERROR;
				CLANG_WARN_DOCUMENTATION_COMMENTS = YES;
				CLANG_WARN_EMPTY_BODY = YES;
				CLANG_WARN_ENUM_CONVERSION = YES;
				CLANG_WARN_INFINITE_RECURSION = YES;
				CLANG_WARN_INT_CONVERSION = YES;
				CLANG_WARN_NON_LITERAL_NULL_CONVERSION = YES;
				CLANG_WARN_OBJC_IMPLICIT_RETAIN_SELF = YES;
				CLANG_WARN_OBJC_LITERAL_CONVERSION = YES;
				CLANG_WARN_OBJC_ROOT_CLASS = YES_ERROR;
				CLANG_WARN_QUOTED_INCLUDE_IN_FRAMEWORK_HEADER = YES;
				CLANG_WARN_RANGE_LOOP_ANALYSIS = YES;
				CLANG_WARN_STRICT_PROTOTYPES = YES;
				CLANG_WARN_SUSPICIOUS_MOVE = YES;
				CLANG_WARN_UNGUARDED_AVAILABILITY = YES_AGGRESSIVE;
				CLANG_WARN_UNREACHABLE_CODE = YES;
				CLANG_WARN__DUPLICATE_METHOD_MATCH = YES;
				COPY_PHASE_STRIP = NO;
				DEBUG_INFORMATION_FORMAT = "dwarf-with-dsym";
				ENABLE_NS_ASSERTIONS = NO;
				ENABLE_STRICT_OBJC_MSGSEND = YES;
				ENABLE_USER_SCRIPT_SANDBOXING = YES;
				GCC_C_LANGUAGE_STANDARD = gnu17;
				GCC_NO_COMMON_BLOCKS = YES;
				GCC_WARN_64_TO_32_BIT_CONVERSION = YES;
				GCC_WARN_ABOUT_RETURN_TYPE = YES_ERROR;
				GCC_WARN_UNDECLARED_SELECTOR = YES;
				GCC_WARN_UNINITIALIZED_AUTOS = YES_AGGRESSIVE;
				GCC_WARN_UNUSED_FUNCTION = YES;
				GCC_WARN_UNUSED_VARIABLE = YES;
				IPHONEOS_DEPLOYMENT_TARGET = 17.2;
				LOCALIZATION_PREFERS_STRING_CATALOGS = YES;
				MTL_ENABLE_DEBUG_INFO = NO;
				MTL_FAST_MATH = YES;
				SDKROOT = iphoneos;
				SWIFT_COMPILATION_MODE = wholemodule;
				VALIDATE_PRODUCT = YES;
			};
			name = Release;
		};
		173996D62C86BF5300DF086E /* Debug */ = {
			isa = XCBuildConfiguration;
			buildSettings = {
				ASSETCATALOG_COMPILER_APPICON_NAME = AppIcon;
				ASSETCATALOG_COMPILER_GLOBAL_ACCENT_COLOR_NAME = AccentColor;
				CODE_SIGN_STYLE = Automatic;
				CURRENT_PROJECT_VERSION = 1;
				DEVELOPMENT_ASSET_PATHS = "\"TDD/Preview Content\"";
				DEVELOPMENT_TEAM = HF96VL2U36;
				ENABLE_PREVIEWS = YES;
				GENERATE_INFOPLIST_FILE = YES;
				INFOPLIST_KEY_UIApplicationSceneManifest_Generation = YES;
				INFOPLIST_KEY_UIApplicationSupportsIndirectInputEvents = YES;
				INFOPLIST_KEY_UILaunchScreen_Generation = YES;
				INFOPLIST_KEY_UISupportedInterfaceOrientations_iPad = "UIInterfaceOrientationPortrait UIInterfaceOrientationPortraitUpsideDown UIInterfaceOrientationLandscapeLeft UIInterfaceOrientationLandscapeRight";
				INFOPLIST_KEY_UISupportedInterfaceOrientations_iPhone = "UIInterfaceOrientationPortrait UIInterfaceOrientationLandscapeLeft UIInterfaceOrientationLandscapeRight";
				LD_RUNPATH_SEARCH_PATHS = (
					"$(inherited)",
					"@executable_path/Frameworks",
				);
				MARKETING_VERSION = 1.0;
				PRODUCT_BUNDLE_IDENTIFIER = jigar.TDD;
				PRODUCT_NAME = "$(TARGET_NAME)";
				SWIFT_EMIT_LOC_STRINGS = YES;
				SWIFT_VERSION = 5.0;
				TARGETED_DEVICE_FAMILY = "1,2";
			};
			name = Debug;
		};
		173996D72C86BF5300DF086E /* Release */ = {
			isa = XCBuildConfiguration;
			buildSettings = {
				ASSETCATALOG_COMPILER_APPICON_NAME = AppIcon;
				ASSETCATALOG_COMPILER_GLOBAL_ACCENT_COLOR_NAME = AccentColor;
				CODE_SIGN_STYLE = Automatic;
				CURRENT_PROJECT_VERSION = 1;
				DEVELOPMENT_ASSET_PATHS = "\"TDD/Preview Content\"";
				DEVELOPMENT_TEAM = HF96VL2U36;
				ENABLE_PREVIEWS = YES;
				GENERATE_INFOPLIST_FILE = YES;
				INFOPLIST_KEY_UIApplicationSceneManifest_Generation = YES;
				INFOPLIST_KEY_UIApplicationSupportsIndirectInputEvents = YES;
				INFOPLIST_KEY_UILaunchScreen_Generation = YES;
				INFOPLIST_KEY_UISupportedInterfaceOrientations_iPad = "UIInterfaceOrientationPortrait UIInterfaceOrientationPortraitUpsideDown UIInterfaceOrientationLandscapeLeft UIInterfaceOrientationLandscapeRight";
				INFOPLIST_KEY_UISupportedInterfaceOrientations_iPhone = "UIInterfaceOrientationPortrait UIInterfaceOrientationLandscapeLeft UIInterfaceOrientationLandscapeRight";
				LD_RUNPATH_SEARCH_PATHS = (
					"$(inherited)",
					"@executable_path/Frameworks",
				);
				MARKETING_VERSION = 1.0;
				PRODUCT_BUNDLE_IDENTIFIER = jigar.TDD;
				PRODUCT_NAME = "$(TARGET_NAME)";
				SWIFT_EMIT_LOC_STRINGS = YES;
				SWIFT_VERSION = 5.0;
				TARGETED_DEVICE_FAMILY = "1,2";
			};
			name = Release;
		};
		173996D92C86BF5300DF086E /* Debug */ = {
			isa = XCBuildConfiguration;
			buildSettings = {
				ALWAYS_EMBED_SWIFT_STANDARD_LIBRARIES = YES;
				BUNDLE_LOADER = "$(TEST_HOST)";
				CODE_SIGN_STYLE = Automatic;
				CURRENT_PROJECT_VERSION = 1;
				DEVELOPMENT_TEAM = HF96VL2U36;
				GENERATE_INFOPLIST_FILE = YES;
				IPHONEOS_DEPLOYMENT_TARGET = 17.2;
				MARKETING_VERSION = 1.0;
				PRODUCT_BUNDLE_IDENTIFIER = jigar.TDDTests;
				PRODUCT_NAME = "$(TARGET_NAME)";
				SWIFT_EMIT_LOC_STRINGS = NO;
				SWIFT_VERSION = 5.0;
				TARGETED_DEVICE_FAMILY = "1,2";
				TEST_HOST = "$(BUILT_PRODUCTS_DIR)/TDD.app/$(BUNDLE_EXECUTABLE_FOLDER_PATH)/TDD";
			};
			name = Debug;
		};
		173996DA2C86BF5300DF086E /* Release */ = {
			isa = XCBuildConfiguration;
			buildSettings = {
				ALWAYS_EMBED_SWIFT_STANDARD_LIBRARIES = YES;
				BUNDLE_LOADER = "$(TEST_HOST)";
				CODE_SIGN_STYLE = Automatic;
				CURRENT_PROJECT_VERSION = 1;
				DEVELOPMENT_TEAM = HF96VL2U36;
				GENERATE_INFOPLIST_FILE = YES;
				IPHONEOS_DEPLOYMENT_TARGET = 17.2;
				MARKETING_VERSION = 1.0;
				PRODUCT_BUNDLE_IDENTIFIER = jigar.TDDTests;
				PRODUCT_NAME = "$(TARGET_NAME)";
				SWIFT_EMIT_LOC_STRINGS = NO;
				SWIFT_VERSION = 5.0;
				TARGETED_DEVICE_FAMILY = "1,2";
				TEST_HOST = "$(BUILT_PRODUCTS_DIR)/TDD.app/$(BUNDLE_EXECUTABLE_FOLDER_PATH)/TDD";
			};
			name = Release;
		};
		173996DC2C86BF5300DF086E /* Debug */ = {
			isa = XCBuildConfiguration;
			buildSettings = {
				ALWAYS_EMBED_SWIFT_STANDARD_LIBRARIES = YES;
				CODE_SIGN_STYLE = Automatic;
				CURRENT_PROJECT_VERSION = 1;
				DEVELOPMENT_TEAM = HF96VL2U36;
				GENERATE_INFOPLIST_FILE = YES;
				MARKETING_VERSION = 1.0;
				PRODUCT_BUNDLE_IDENTIFIER = jigar.TDDUITests;
				PRODUCT_NAME = "$(TARGET_NAME)";
				SWIFT_EMIT_LOC_STRINGS = NO;
				SWIFT_VERSION = 5.0;
				TARGETED_DEVICE_FAMILY = "1,2";
				TEST_TARGET_NAME = TDD;
			};
			name = Debug;
		};
		173996DD2C86BF5300DF086E /* Release */ = {
			isa = XCBuildConfiguration;
			buildSettings = {
				ALWAYS_EMBED_SWIFT_STANDARD_LIBRARIES = YES;
				CODE_SIGN_STYLE = Automatic;
				CURRENT_PROJECT_VERSION = 1;
				DEVELOPMENT_TEAM = HF96VL2U36;
				GENERATE_INFOPLIST_FILE = YES;
				MARKETING_VERSION = 1.0;
				PRODUCT_BUNDLE_IDENTIFIER = jigar.TDDUITests;
				PRODUCT_NAME = "$(TARGET_NAME)";
				SWIFT_EMIT_LOC_STRINGS = NO;
				SWIFT_VERSION = 5.0;
				TARGETED_DEVICE_FAMILY = "1,2";
				TEST_TARGET_NAME = TDD;
			};
			name = Release;
		};
/* End XCBuildConfiguration section */

/* Begin XCConfigurationList section */
		173996AC2C86BF5100DF086E /* Build configuration list for PBXProject "TDD" */ = {
			isa = XCConfigurationList;
			buildConfigurations = (
				173996D32C86BF5300DF086E /* Debug */,
				173996D42C86BF5300DF086E /* Release */,
			);
			defaultConfigurationIsVisible = 0;
			defaultConfigurationName = Release;
		};
		173996D52C86BF5300DF086E /* Build configuration list for PBXNativeTarget "TDD" */ = {
			isa = XCConfigurationList;
			buildConfigurations = (
				173996D62C86BF5300DF086E /* Debug */,
				173996D72C86BF5300DF086E /* Release */,
			);
			defaultConfigurationIsVisible = 0;
			defaultConfigurationName = Release;
		};
		173996D82C86BF5300DF086E /* Build configuration list for PBXNativeTarget "TDDTests" */ = {
			isa = XCConfigurationList;
			buildConfigurations = (
				173996D92C86BF5300DF086E /* Debug */,
				173996DA2C86BF5300DF086E /* Release */,
			);
			defaultConfigurationIsVisible = 0;
			defaultConfigurationName = Release;
		};
		173996DB2C86BF5300DF086E /* Build configuration list for PBXNativeTarget "TDDUITests" */ = {
			isa = XCConfigurationList;
			buildConfigurations = (
				173996DC2C86BF5300DF086E /* Debug */,
				173996DD2C86BF5300DF086E /* Release */,
			);
			defaultConfigurationIsVisible = 0;
			defaultConfigurationName = Release;
		};
/* End XCConfigurationList section */
	};
	rootObject = 173996A92C86BF5100DF086E /* Project object */;
}
